
Microsoft Visual Studio Solution File, Format Version 12.00
# Visual Studio Version 17
VisualStudioVersion = 17.8.34309.116
MinimumVisualStudioVersion = 10.0.40219.1
Project("{FAE04EC0-301F-11D3-BF4B-00C04F79EFBC}") = "WebApp", "WebApp\WebApp.csproj", "{6E866BC1-080E-4347-879F-5BD6C4D917F8}"
EndProject
Project("{FAE04EC0-301F-11D3-BF4B-00C04F79EFBC}") = "Infrastructure", "Infrastructure\Infrastructure.csproj", "{6CFE7762-A4CA-49DA-8486-476A1F88A084}"
EndProject
Global
	GlobalSection(SolutionConfigurationPlatforms) = preSolution
		Debug|Any CPU = Debug|Any CPU
		Release|Any CPU = Release|Any CPU
	EndGlobalSection
	GlobalSection(ProjectConfigurationPlatforms) = postSolution
		{6E866BC1-080E-4347-879F-5BD6C4D917F8}.Debug|Any CPU.ActiveCfg = Debug|Any CPU
		{6E866BC1-080E-4347-879F-5BD6C4D917F8}.Debug|Any CPU.Build.0 = Debug|Any CPU
		{6E866BC1-080E-4347-879F-5BD6C4D917F8}.Release|Any CPU.ActiveCfg = Release|Any CPU
		{6E866BC1-080E-4347-879F-5BD6C4D917F8}.Release|Any CPU.Build.0 = Release|Any CPU
		{6CFE7762-A4CA-49DA-8486-476A1F88A084}.Debug|Any CPU.ActiveCfg = Debug|Any CPU
		{6CFE7762-A4CA-49DA-8486-476A1F88A084}.Debug|Any CPU.Build.0 = Debug|Any CPU
		{6CFE7762-A4CA-49DA-8486-476A1F88A084}.Release|Any CPU.ActiveCfg = Release|Any CPU
		{6CFE7762-A4CA-49DA-8486-476A1F88A084}.Release|Any CPU.Build.0 = Release|Any CPU
	EndGlobalSection
	GlobalSection(SolutionProperties) = preSolution
		HideSolutionNode = FALSE
	EndGlobalSection
	GlobalSection(ExtensibilityGlobals) = postSolution
		SolutionGuid = {A2A4530A-A8CF-463E-9A72-2A3633F2609A}
	EndGlobalSection
EndGlobal
